
Microsoft Visual Studio Solution File, Format Version 12.00
# Visual Studio 15
Project("{FAE04EC0-301F-11D3-BF4B-00C04F79EFBC}") = "InfiniteCalendar.iOS", "InfiniteCalendar.iOS\InfiniteCalendar.iOS.csproj", "{0B66BFE0-1FCA-4A23-88EE-35BB7367CDEA}"
EndProject
Project("{FAE04EC0-301F-11D3-BF4B-00C04F79EFBC}") = "InfiniteCalendar", "InfiniteCalendar\InfiniteCalendar.csproj", "{3FDD1CB0-F726-443C-A1F0-F3C2AFB19A93}"
EndProject
Global
	GlobalSection(SolutionConfigurationPlatforms) = preSolution
		Debug|iPhoneSimulator = Debug|iPhoneSimulator
		Release|iPhoneSimulator = Release|iPhoneSimulator
		Debug|iPhone = Debug|iPhone
		Release|iPhone = Release|iPhone
		Ad-Hoc|iPhone = Ad-Hoc|iPhone
		AppStore|iPhone = AppStore|iPhone
		Debug|Any CPU = Debug|Any CPU
		Release|Any CPU = Release|Any CPU
	EndGlobalSection
	GlobalSection(ProjectConfigurationPlatforms) = postSolution
		{0B66BFE0-1FCA-4A23-88EE-35BB7367CDEA}.Debug|iPhoneSimulator.ActiveCfg = Debug|iPhoneSimulator
		{0B66BFE0-1FCA-4A23-88EE-35BB7367CDEA}.Debug|iPhoneSimulator.Build.0 = Debug|iPhoneSimulator
		{0B66BFE0-1FCA-4A23-88EE-35BB7367CDEA}.Release|iPhoneSimulator.ActiveCfg = Release|iPhoneSimulator
		{0B66BFE0-1FCA-4A23-88EE-35BB7367CDEA}.Release|iPhoneSimulator.Build.0 = Release|iPhoneSimulator
		{0B66BFE0-1FCA-4A23-88EE-35BB7367CDEA}.Debug|iPhone.ActiveCfg = Debug|iPhone
		{0B66BFE0-1FCA-4A23-88EE-35BB7367CDEA}.Debug|iPhone.Build.0 = Debug|iPhone
		{0B66BFE0-1FCA-4A23-88EE-35BB7367CDEA}.Release|iPhone.ActiveCfg = Release|iPhone
		{0B66BFE0-1FCA-4A23-88EE-35BB7367CDEA}.Release|iPhone.Build.0 = Release|iPhone
		{0B66BFE0-1FCA-4A23-88EE-35BB7367CDEA}.Ad-Hoc|iPhone.ActiveCfg = Ad-Hoc|iPhone
		{0B66BFE0-1FCA-4A23-88EE-35BB7367CDEA}.Ad-Hoc|iPhone.Build.0 = Ad-Hoc|iPhone
		{0B66BFE0-1FCA-4A23-88EE-35BB7367CDEA}.AppStore|iPhone.ActiveCfg = AppStore|iPhone
		{0B66BFE0-1FCA-4A23-88EE-35BB7367CDEA}.AppStore|iPhone.Build.0 = AppStore|iPhone
		{0B66BFE0-1FCA-4A23-88EE-35BB7367CDEA}.Debug|Any CPU.ActiveCfg = Debug|iPhoneSimulator
		{0B66BFE0-1FCA-4A23-88EE-35BB7367CDEA}.Debug|Any CPU.Build.0 = Debug|iPhoneSimulator
		{0B66BFE0-1FCA-4A23-88EE-35BB7367CDEA}.Release|Any CPU.ActiveCfg = Release|iPhoneSimulator
		{0B66BFE0-1FCA-4A23-88EE-35BB7367CDEA}.Release|Any CPU.Build.0 = Release|iPhoneSimulator
		{3FDD1CB0-F726-443C-A1F0-F3C2AFB19A93}.Debug|iPhoneSimulator.ActiveCfg = Debug|Any CPU
		{3FDD1CB0-F726-443C-A1F0-F3C2AFB19A93}.Debug|iPhoneSimulator.Build.0 = Debug|Any CPU
		{3FDD1CB0-F726-443C-A1F0-F3C2AFB19A93}.Release|iPhoneSimulator.ActiveCfg = Release|Any CPU
		{3FDD1CB0-F726-443C-A1F0-F3C2AFB19A93}.Release|iPhoneSimulator.Build.0 = Release|Any CPU
		{3FDD1CB0-F726-443C-A1F0-F3C2AFB19A93}.Debug|iPhone.ActiveCfg = Debug|Any CPU
		{3FDD1CB0-F726-443C-A1F0-F3C2AFB19A93}.Debug|iPhone.Build.0 = Debug|Any CPU
		{3FDD1CB0-F726-443C-A1F0-F3C2AFB19A93}.Release|iPhone.ActiveCfg = Release|Any CPU
		{3FDD1CB0-F726-443C-A1F0-F3C2AFB19A93}.Release|iPhone.Build.0 = Release|Any CPU
		{3FDD1CB0-F726-443C-A1F0-F3C2AFB19A93}.Ad-Hoc|iPhone.ActiveCfg = Release|Any CPU
		{3FDD1CB0-F726-443C-A1F0-F3C2AFB19A93}.Ad-Hoc|iPhone.Build.0 = Release|Any CPU
		{3FDD1CB0-F726-443C-A1F0-F3C2AFB19A93}.AppStore|iPhone.ActiveCfg = Release|Any CPU
		{3FDD1CB0-F726-443C-A1F0-F3C2AFB19A93}.AppStore|iPhone.Build.0 = Release|Any CPU
		{3FDD1CB0-F726-443C-A1F0-F3C2AFB19A93}.Debug|Any CPU.ActiveCfg = Debug|Any CPU
		{3FDD1CB0-F726-443C-A1F0-F3C2AFB19A93}.Debug|Any CPU.Build.0 = Debug|Any CPU
		{3FDD1CB0-F726-443C-A1F0-F3C2AFB19A93}.Release|Any CPU.ActiveCfg = Release|Any CPU
		{3FDD1CB0-F726-443C-A1F0-F3C2AFB19A93}.Release|Any CPU.Build.0 = Release|Any CPU
	EndGlobalSection
EndGlobal
